
Microsoft Visual Studio Solution File, Format Version 12.00
# Visual Studio Version 17
VisualStudioVersion = 17.8.34330.188
MinimumVisualStudioVersion = 10.0.40219.1
Project("{FAE04EC0-301F-11D3-BF4B-00C04F79EFBC}") = "Interactive Map Event App", "Interactive Map Event App.csproj", "{2FC5E8FA-6DE1-4854-A56B-B6249202BC3A}"
EndProject
Global
	GlobalSection(SolutionConfigurationPlatforms) = preSolution
		Debug|Any CPU = Debug|Any CPU
		Release|Any CPU = Release|Any CPU
	EndGlobalSection
	GlobalSection(ProjectConfigurationPlatforms) = postSolution
		{2FC5E8FA-6DE1-4854-A56B-B6249202BC3A}.Debug|Any CPU.ActiveCfg = Debug|Any CPU
		{2FC5E8FA-6DE1-4854-A56B-B6249202BC3A}.Debug|Any CPU.Build.0 = Debug|Any CPU
		{2FC5E8FA-6DE1-4854-A56B-B6249202BC3A}.Debug|Any CPU.Deploy.0 = Debug|Any CPU
		{2FC5E8FA-6DE1-4854-A56B-B6249202BC3A}.Release|Any CPU.ActiveCfg = Release|Any CPU
		{2FC5E8FA-6DE1-4854-A56B-B6249202BC3A}.Release|Any CPU.Build.0 = Release|Any CPU
		{2FC5E8FA-6DE1-4854-A56B-B6249202BC3A}.Release|Any CPU.Deploy.0 = Release|Any CPU
	EndGlobalSection
	GlobalSection(SolutionProperties) = preSolution
		HideSolutionNode = FALSE
	EndGlobalSection
	GlobalSection(ExtensibilityGlobals) = postSolution
		SolutionGuid = {16248FF5-1586-45F3-BBF7-8AD7FE7B4CD3}
	EndGlobalSection
EndGlobal
